
Microsoft Visual Studio Solution File, Format Version 12.00
# Visual Studio Version 17
VisualStudioVersion = 17.10.34928.147
MinimumVisualStudioVersion = 10.0.40219.1
Project("{FAE04EC0-301F-11D3-BF4B-00C04F79EFBC}") = "UserManagement", "UserManagement\UserManagement.csproj", "{DCABCDB4-04C4-48DB-9F5B-CCDD896E9F3F}"
EndProject
Global
	GlobalSection(SolutionConfigurationPlatforms) = preSolution
		Debug|Any CPU = Debug|Any CPU
		Release|Any CPU = Release|Any CPU
	EndGlobalSection
	GlobalSection(ProjectConfigurationPlatforms) = postSolution
		{DCABCDB4-04C4-48DB-9F5B-CCDD896E9F3F}.Debug|Any CPU.ActiveCfg = Debug|Any CPU
		{DCABCDB4-04C4-48DB-9F5B-CCDD896E9F3F}.Debug|Any CPU.Build.0 = Debug|Any CPU
		{DCABCDB4-04C4-48DB-9F5B-CCDD896E9F3F}.Release|Any CPU.ActiveCfg = Release|Any CPU
		{DCABCDB4-04C4-48DB-9F5B-CCDD896E9F3F}.Release|Any CPU.Build.0 = Release|Any CPU
	EndGlobalSection
	GlobalSection(SolutionProperties) = preSolution
		HideSolutionNode = FALSE
	EndGlobalSection
	GlobalSection(ExtensibilityGlobals) = postSolution
		SolutionGuid = {AC05DE74-3298-489A-9402-FEB2045D1123}
	EndGlobalSection
EndGlobal
